{
  "name": "pa-mod-validator",
  "version": "1.0.0",
  "lockfileVersion": 3,
  "requires": true,
  "packages": {
    "": {
      "name": "pa-mod-validator",
      "version": "1.0.0",
      "license": "MIT",
      "dependencies": {
        "genson-js": "^0.0.8"
      }
    },
    "node_modules/genson-js": {
      "version": "0.0.8",
      "resolved": "https://registry.npmjs.org/genson-js/-/genson-js-0.0.8.tgz",
      "integrity": "sha512-4NUusDTwF+lzYh72uKV+Uvpky9iPO+YDIMpGImA5pbHfLV9HwgRCA4hYjGu78V4J4Cx2IZRTFfRERn9aUs74mw=="
    }
  }
}
